// !$*UTF8*$!
{
	archiveVersion = 1;
	classes = {
	};
	objectVersion = 56;
	objects = {

/* Begin PBXBuildFile section */
		E46EF2F52B3610B200CDA3FE /* Emoji_ArtApp.swift in Sources */ = {isa = PBXBuildFile; fileRef = E46EF2F42B3610B200CDA3FE /* Emoji_ArtApp.swift */; };
		E46EF2F72B3610B200CDA3FE /* ContentView.swift in Sources */ = {isa = PBXBuildFile; fileRef = E46EF2F62B3610B200CDA3FE /* ContentView.swift */; };
		E46EF2F92B3610B300CDA3FE /* Assets.xcassets in Resources */ = {isa = PBXBuildFile; fileRef = E46EF2F82B3610B300CDA3FE /* Assets.xcassets */; };
		E46EF2FC2B3610B300CDA3FE /* Preview Assets.xcassets in Resources */ = {isa = PBXBuildFile; fileRef = E46EF2FB2B3610B300CDA3FE /* Preview Assets.xcassets */; };
		E46EF3032B36111400CDA3FE /* EmojiArt.swift in Sources */ = {isa = PBXBuildFile; fileRef = E46EF3022B36111400CDA3FE /* EmojiArt.swift */; };
		E46EF3052B3611F700CDA3FE /* EmojiArtDocument.swift in Sources */ = {isa = PBXBuildFile; fileRef = E46EF3042B3611F700CDA3FE /* EmojiArtDocument.swift */; };
		E46EF3072B36132D00CDA3FE /* EmojiArtDocumentView.swift in Sources */ = {isa = PBXBuildFile; fileRef = E46EF3062B36132D00CDA3FE /* EmojiArtDocumentView.swift */; };
		E46EF3092B3615A900CDA3FE /* String+uniqued.swift in Sources */ = {isa = PBXBuildFile; fileRef = E46EF3082B3615A900CDA3FE /* String+uniqued.swift */; };
		E46EF30B2B361A8C00CDA3FE /* CGRect+center.swift in Sources */ = {isa = PBXBuildFile; fileRef = E46EF30A2B361A8C00CDA3FE /* CGRect+center.swift */; };
		E46EF30D2B36210B00CDA3FE /* Sturldata.swift in Sources */ = {isa = PBXBuildFile; fileRef = E46EF30C2B36210B00CDA3FE /* Sturldata.swift */; };
		E48076CA2B36E1D600B2FFDA /* CGOffset+.swift in Sources */ = {isa = PBXBuildFile; fileRef = E48076C92B36E1D600B2FFDA /* CGOffset+.swift */; };
		E48076CC2B36E4FB00B2FFDA /* Palette.swift in Sources */ = {isa = PBXBuildFile; fileRef = E48076CB2B36E4FB00B2FFDA /* Palette.swift */; };
		E48076CE2B36E60000B2FFDA /* PaletteStore.swift in Sources */ = {isa = PBXBuildFile; fileRef = E48076CD2B36E60000B2FFDA /* PaletteStore.swift */; };
/* End PBXBuildFile section */

/* Begin PBXFileReference section */
		E46EF2F12B3610B200CDA3FE /* Emoji Art.app */ = {isa = PBXFileReference; explicitFileType = wrapper.application; includeInIndex = 0; path = "Emoji Art.app"; sourceTree = BUILT_PRODUCTS_DIR; };
		E46EF2F42B3610B200CDA3FE /* Emoji_ArtApp.swift */ = {isa = PBXFileReference; lastKnownFileType = sourcecode.swift; path = Emoji_ArtApp.swift; sourceTree = "<group>"; };
		E46EF2F62B3610B200CDA3FE /* ContentView.swift */ = {isa = PBXFileReference; lastKnownFileType = sourcecode.swift; path = ContentView.swift; sourceTree = "<group>"; };
		E46EF2F82B3610B300CDA3FE /* Assets.xcassets */ = {isa = PBXFileReference; lastKnownFileType = folder.assetcatalog; path = Assets.xcassets; sourceTree = "<group>"; };
		E46EF2FB2B3610B300CDA3FE /* Preview Assets.xcassets */ = {isa = PBXFileReference; lastKnownFileType = folder.assetcatalog; path = "Preview Assets.xcassets"; sourceTree = "<group>"; };
		E46EF3022B36111400CDA3FE /* EmojiArt.swift */ = {isa = PBXFileReference; lastKnownFileType = sourcecode.swift; path = EmojiArt.swift; sourceTree = "<group>"; };
		E46EF3042B3611F700CDA3FE /* EmojiArtDocument.swift */ = {isa = PBXFileReference; lastKnownFileType = sourcecode.swift; path = EmojiArtDocument.swift; sourceTree = "<group>"; };
		E46EF3062B36132D00CDA3FE /* EmojiArtDocumentView.swift */ = {isa = PBXFileReference; lastKnownFileType = sourcecode.swift; path = EmojiArtDocumentView.swift; sourceTree = "<group>"; };
		E46EF3082B3615A900CDA3FE /* String+uniqued.swift */ = {isa = PBXFileReference; lastKnownFileType = sourcecode.swift; path = "String+uniqued.swift"; sourceTree = "<group>"; };
		E46EF30A2B361A8C00CDA3FE /* CGRect+center.swift */ = {isa = PBXFileReference; lastKnownFileType = sourcecode.swift; path = "CGRect+center.swift"; sourceTree = "<group>"; };
		E46EF30C2B36210B00CDA3FE /* Sturldata.swift */ = {isa = PBXFileReference; fileEncoding = 4; lastKnownFileType = sourcecode.swift; path = Sturldata.swift; sourceTree = "<group>"; };
		E48076C92B36E1D600B2FFDA /* CGOffset+.swift */ = {isa = PBXFileReference; lastKnownFileType = sourcecode.swift; path = "CGOffset+.swift"; sourceTree = "<group>"; };
		E48076CB2B36E4FB00B2FFDA /* Palette.swift */ = {isa = PBXFileReference; lastKnownFileType = sourcecode.swift; path = Palette.swift; sourceTree = "<group>"; };
		E48076CD2B36E60000B2FFDA /* PaletteStore.swift */ = {isa = PBXFileReference; lastKnownFileType = sourcecode.swift; path = PaletteStore.swift; sourceTree = "<group>"; };
/* End PBXFileReference section */

/* Begin PBXFrameworksBuildPhase section */
		E46EF2EE2B3610B200CDA3FE /* Frameworks */ = {
			isa = PBXFrameworksBuildPhase;
			buildActionMask = 2147483647;
			files = (
			);
			runOnlyForDeploymentPostprocessing = 0;
		};
/* End PBXFrameworksBuildPhase section */

/* Begin PBXGroup section */
		E46EF2E82B3610B200CDA3FE = {
			isa = PBXGroup;
			children = (
				E46EF2F32B3610B200CDA3FE /* Emoji Art */,
				E46EF2F22B3610B200CDA3FE /* Products */,
			);
			sourceTree = "<group>";
		};
		E46EF2F22B3610B200CDA3FE /* Products */ = {
			isa = PBXGroup;
			children = (
				E46EF2F12B3610B200CDA3FE /* Emoji Art.app */,
			);
			name = Products;
			sourceTree = "<group>";
		};
		E46EF2F32B3610B200CDA3FE /* Emoji Art */ = {
			isa = PBXGroup;
			children = (
				E46EF2F42B3610B200CDA3FE /* Emoji_ArtApp.swift */,
				E46EF2F62B3610B200CDA3FE /* ContentView.swift */,
				E46EF3022B36111400CDA3FE /* EmojiArt.swift */,
				E46EF3042B3611F700CDA3FE /* EmojiArtDocument.swift */,
				E46EF30A2B361A8C00CDA3FE /* CGRect+center.swift */,
				E46EF3062B36132D00CDA3FE /* EmojiArtDocumentView.swift */,
				E48076CB2B36E4FB00B2FFDA /* Palette.swift */,
				E48076CD2B36E60000B2FFDA /* PaletteStore.swift */,
				E48076C92B36E1D600B2FFDA /* CGOffset+.swift */,
				E46EF3082B3615A900CDA3FE /* String+uniqued.swift */,
				E46EF30C2B36210B00CDA3FE /* Sturldata.swift */,
				E46EF2F82B3610B300CDA3FE /* Assets.xcassets */,
				E46EF2FA2B3610B300CDA3FE /* Preview Content */,
			);
			path = "Emoji Art";
			sourceTree = "<group>";
		};
		E46EF2FA2B3610B300CDA3FE /* Preview Content */ = {
			isa = PBXGroup;
			children = (
				E46EF2FB2B3610B300CDA3FE /* Preview Assets.xcassets */,
			);
			path = "Preview Content";
			sourceTree = "<group>";
		};
/* End PBXGroup section */

/* Begin PBXNativeTarget section */
		E46EF2F02B3610B200CDA3FE /* Emoji Art */ = {
			isa = PBXNativeTarget;
			buildConfigurationList = E46EF2FF2B3610B300CDA3FE /* Build configuration list for PBXNativeTarget "Emoji Art" */;
			buildPhases = (
				E46EF2ED2B3610B200CDA3FE /* Sources */,
				E46EF2EE2B3610B200CDA3FE /* Frameworks */,
				E46EF2EF2B3610B200CDA3FE /* Resources */,
			);
			buildRules = (
			);
			dependencies = (
			);
			name = "Emoji Art";
			productName = "Emoji Art";
			productReference = E46EF2F12B3610B200CDA3FE /* Emoji Art.app */;
			productType = "com.apple.product-type.application";
		};
/* End PBXNativeTarget section */

/* Begin PBXProject section */
		E46EF2E92B3610B200CDA3FE /* Project object */ = {
			isa = PBXProject;
			attributes = {
				BuildIndependentTargetsInParallel = 1;
				LastSwiftUpdateCheck = 1510;
				LastUpgradeCheck = 1510;
				TargetAttributes = {
					E46EF2F02B3610B200CDA3FE = {
						CreatedOnToolsVersion = 15.1;
					};
				};
			};
			buildConfigurationList = E46EF2EC2B3610B200CDA3FE /* Build configuration list for PBXProject "Emoji Art" */;
			compatibilityVersion = "Xcode 14.0";
			developmentRegion = en;
			hasScannedForEncodings = 0;
			knownRegions = (
				en,
				Base,
			);
			mainGroup = E46EF2E82B3610B200CDA3FE;
			productRefGroup = E46EF2F22B3610B200CDA3FE /* Products */;
			projectDirPath = "";
			projectRoot = "";
			targets = (
				E46EF2F02B3610B200CDA3FE /* Emoji Art */,
			);
		};
/* End PBXProject section */

/* Begin PBXResourcesBuildPhase section */
		E46EF2EF2B3610B200CDA3FE /* Resources */ = {
			isa = PBXResourcesBuildPhase;
			buildActionMask = 2147483647;
			files = (
				E46EF2FC2B3610B300CDA3FE /* Preview Assets.xcassets in Resources */,
				E46EF2F92B3610B300CDA3FE /* Assets.xcassets in Resources */,
			);
			runOnlyForDeploymentPostprocessing = 0;
		};
/* End PBXResourcesBuildPhase section */

/* Begin PBXSourcesBuildPhase section */
		E46EF2ED2B3610B200CDA3FE /* Sources */ = {
			isa = PBXSourcesBuildPhase;
			buildActionMask = 2147483647;
			files = (
				E46EF3072B36132D00CDA3FE /* EmojiArtDocumentView.swift in Sources */,
				E46EF3032B36111400CDA3FE /* EmojiArt.swift in Sources */,
				E46EF2F72B3610B200CDA3FE /* ContentView.swift in Sources */,
				E46EF2F52B3610B200CDA3FE /* Emoji_ArtApp.swift in Sources */,
				E46EF3092B3615A900CDA3FE /* String+uniqued.swift in Sources */,
				E46EF3052B3611F700CDA3FE /* EmojiArtDocument.swift in Sources */,
				E46EF30D2B36210B00CDA3FE /* Sturldata.swift in Sources */,
				E48076CC2B36E4FB00B2FFDA /* Palette.swift in Sources */,
				E48076CE2B36E60000B2FFDA /* PaletteStore.swift in Sources */,
				E46EF30B2B361A8C00CDA3FE /* CGRect+center.swift in Sources */,
				E48076CA2B36E1D600B2FFDA /* CGOffset+.swift in Sources */,
			);
			runOnlyForDeploymentPostprocessing = 0;
		};
/* End PBXSourcesBuildPhase section */

/* Begin XCBuildConfiguration section */
		E46EF2FD2B3610B300CDA3FE /* Debug */ = {
			isa = XCBuildConfiguration;
			buildSettings = {
				ALWAYS_SEARCH_USER_PATHS = NO;
				ASSETCATALOG_COMPILER_GENERATE_SWIFT_ASSET_SYMBOL_EXTENSIONS = YES;
				CLANG_ANALYZER_NONNULL = YES;
				CLANG_ANALYZER_NUMBER_OBJECT_CONVERSION = YES_AGGRESSIVE;
				CLANG_CXX_LANGUAGE_STANDARD = "gnu++20";
				CLANG_ENABLE_MODULES = YES;
				CLANG_ENABLE_OBJC_ARC = YES;
				CLANG_ENABLE_OBJC_WEAK = YES;
				CLANG_WARN_BLOCK_CAPTURE_AUTORELEASING = YES;
				CLANG_WARN_BOOL_CONVERSION = YES;
				CLANG_WARN_COMMA = YES;
				CLANG_WARN_CONSTANT_CONVERSION = YES;
				CLANG_WARN_DEPRECATED_OBJC_IMPLEMENTATIONS = YES;
				CLANG_WARN_DIRECT_OBJC_ISA_USAGE = YES_ERROR;
				CLANG_WARN_DOCUMENTATION_COMMENTS = YES;
				CLANG_WARN_EMPTY_BODY = YES;
				CLANG_WARN_ENUM_CONVERSION = YES;
				CLANG_WARN_INFINITE_RECURSION = YES;
				CLANG_WARN_INT_CONVERSION = YES;
				CLANG_WARN_NON_LITERAL_NULL_CONVERSION = YES;
				CLANG_WARN_OBJC_IMPLICIT_RETAIN_SELF = YES;
				CLANG_WARN_OBJC_LITERAL_CONVERSION = YES;
				CLANG_WARN_OBJC_ROOT_CLASS = YES_ERROR;
				CLANG_WARN_QUOTED_INCLUDE_IN_FRAMEWORK_HEADER = YES;
				CLANG_WARN_RANGE_LOOP_ANALYSIS = YES;
				CLANG_WARN_STRICT_PROTOTYPES = YES;
				CLANG_WARN_SUSPICIOUS_MOVE = YES;
				CLANG_WARN_UNGUARDED_AVAILABILITY = YES_AGGRESSIVE;
				CLANG_WARN_UNREACHABLE_CODE = YES;
				CLANG_WARN__DUPLICATE_METHOD_MATCH = YES;
				COPY_PHASE_STRIP = NO;
				DEBUG_INFORMATION_FORMAT = dwarf;
				ENABLE_STRICT_OBJC_MSGSEND = YES;
				ENABLE_TESTABILITY = YES;
				ENABLE_USER_SCRIPT_SANDBOXING = YES;
				GCC_C_LANGUAGE_STANDARD = gnu17;
				GCC_DYNAMIC_NO_PIC = NO;
				GCC_NO_COMMON_BLOCKS = YES;
				GCC_OPTIMIZATION_LEVEL = 0;
				GCC_PREPROCESSOR_DEFINITIONS = (
					"DEBUG=1",
					"$(inherited)",
				);
				GCC_WARN_64_TO_32_BIT_CONVERSION = YES;
				GCC_WARN_ABOUT_RETURN_TYPE = YES_ERROR;
				GCC_WARN_UNDECLARED_SELECTOR = YES;
				GCC_WARN_UNINITIALIZED_AUTOS = YES_AGGRESSIVE;
				GCC_WARN_UNUSED_FUNCTION = YES;
				GCC_WARN_UNUSED_VARIABLE = YES;
				IPHONEOS_DEPLOYMENT_TARGET = 17.2;
				LOCALIZATION_PREFERS_STRING_CATALOGS = YES;
				MTL_ENABLE_DEBUG_INFO = INCLUDE_SOURCE;
				MTL_FAST_MATH = YES;
				ONLY_ACTIVE_ARCH = YES;
				SDKROOT = iphoneos;
				SWIFT_ACTIVE_COMPILATION_CONDITIONS = "DEBUG $(inherited)";
				SWIFT_OPTIMIZATION_LEVEL = "-Onone";
			};
			name = Debug;
		};
		E46EF2FE2B3610B300CDA3FE /* Release */ = {
			isa = XCBuildConfiguration;
			buildSettings = {
				ALWAYS_SEARCH_USER_PATHS = NO;
				ASSETCATALOG_COMPILER_GENERATE_SWIFT_ASSET_SYMBOL_EXTENSIONS = YES;
				CLANG_ANALYZER_NONNULL = YES;
				CLANG_ANALYZER_NUMBER_OBJECT_CONVERSION = YES_AGGRESSIVE;
				CLANG_CXX_LANGUAGE_STANDARD = "gnu++20";
				CLANG_ENABLE_MODULES = YES;
				CLANG_ENABLE_OBJC_ARC = YES;
				CLANG_ENABLE_OBJC_WEAK = YES;
				CLANG_WARN_BLOCK_CAPTURE_AUTORELEASING = YES;
				CLANG_WARN_BOOL_CONVERSION = YES;
				CLANG_WARN_COMMA = YES;
				CLANG_WARN_CONSTANT_CONVERSION = YES;
				CLANG_WARN_DEPRECATED_OBJC_IMPLEMENTATIONS = YES;
				CLANG_WARN_DIRECT_OBJC_ISA_USAGE = YES_ERROR;
				CLANG_WARN_DOCUMENTATION_COMMENTS = YES;
				CLANG_WARN_EMPTY_BODY = YES;
				CLANG_WARN_ENUM_CONVERSION = YES;
				CLANG_WARN_INFINITE_RECURSION = YES;
				CLANG_WARN_INT_CONVERSION = YES;
				CLANG_WARN_NON_LITERAL_NULL_CONVERSION = YES;
				CLANG_WARN_OBJC_IMPLICIT_RETAIN_SELF = YES;
				CLANG_WARN_OBJC_LITERAL_CONVERSION = YES;
				CLANG_WARN_OBJC_ROOT_CLASS = YES_ERROR;
				CLANG_WARN_QUOTED_INCLUDE_IN_FRAMEWORK_HEADER = YES;
				CLANG_WARN_RANGE_LOOP_ANALYSIS = YES;
				CLANG_WARN_STRICT_PROTOTYPES = YES;
				CLANG_WARN_SUSPICIOUS_MOVE = YES;
				CLANG_WARN_UNGUARDED_AVAILABILITY = YES_AGGRESSIVE;
				CLANG_WARN_UNREACHABLE_CODE = YES;
				CLANG_WARN__DUPLICATE_METHOD_MATCH = YES;
				COPY_PHASE_STRIP = NO;
				DEBUG_INFORMATION_FORMAT = "dwarf-with-dsym";
				ENABLE_NS_ASSERTIONS = NO;
				ENABLE_STRICT_OBJC_MSGSEND = YES;
				ENABLE_USER_SCRIPT_SANDBOXING = YES;
				GCC_C_LANGUAGE_STANDARD = gnu17;
				GCC_NO_COMMON_BLOCKS = YES;
				GCC_WARN_64_TO_32_BIT_CONVERSION = YES;
				GCC_WARN_ABOUT_RETURN_TYPE = YES_ERROR;
				GCC_WARN_UNDECLARED_SELECTOR = YES;
				GCC_WARN_UNINITIALIZED_AUTOS = YES_AGGRESSIVE;
				GCC_WARN_UNUSED_FUNCTION = YES;
				GCC_WARN_UNUSED_VARIABLE = YES;
				IPHONEOS_DEPLOYMENT_TARGET = 17.2;
				LOCALIZATION_PREFERS_STRING_CATALOGS = YES;
				MTL_ENABLE_DEBUG_INFO = NO;
				MTL_FAST_MATH = YES;
				SDKROOT = iphoneos;
				SWIFT_COMPILATION_MODE = wholemodule;
				VALIDATE_PRODUCT = YES;
			};
			name = Release;
		};
		E46EF3002B3610B300CDA3FE /* Debug */ = {
			isa = XCBuildConfiguration;
			buildSettings = {
				ASSETCATALOG_COMPILER_APPICON_NAME = AppIcon;
				ASSETCATALOG_COMPILER_GLOBAL_ACCENT_COLOR_NAME = AccentColor;
				CODE_SIGN_STYLE = Automatic;
				CURRENT_PROJECT_VERSION = 1;
				DEVELOPMENT_ASSET_PATHS = "\"Emoji Art/Preview Content\"";
				DEVELOPMENT_TEAM = WHP9Z6BC8S;
				ENABLE_PREVIEWS = YES;
				GENERATE_INFOPLIST_FILE = YES;
				INFOPLIST_KEY_UIApplicationSceneManifest_Generation = YES;
				INFOPLIST_KEY_UIApplicationSupportsIndirectInputEvents = YES;
				INFOPLIST_KEY_UILaunchScreen_Generation = YES;
				INFOPLIST_KEY_UISupportedInterfaceOrientations_iPad = "UIInterfaceOrientationPortrait UIInterfaceOrientationPortraitUpsideDown UIInterfaceOrientationLandscapeLeft UIInterfaceOrientationLandscapeRight";
				INFOPLIST_KEY_UISupportedInterfaceOrientations_iPhone = "UIInterfaceOrientationPortrait UIInterfaceOrientationLandscapeLeft UIInterfaceOrientationLandscapeRight";
				LD_RUNPATH_SEARCH_PATHS = (
					"$(inherited)",
					"@executable_path/Frameworks",
				);
				MARKETING_VERSION = 1.0;
				PRODUCT_BUNDLE_IDENTIFIER = "zeljkolucic.Emoji-Art";
				PRODUCT_NAME = "$(TARGET_NAME)";
				SWIFT_EMIT_LOC_STRINGS = YES;
				SWIFT_VERSION = 5.0;
				TARGETED_DEVICE_FAMILY = "1,2";
			};
			name = Debug;
		};
		E46EF3012B3610B300CDA3FE /* Release */ = {
			isa = XCBuildConfiguration;
			buildSettings = {
				ASSETCATALOG_COMPILER_APPICON_NAME = AppIcon;
				ASSETCATALOG_COMPILER_GLOBAL_ACCENT_COLOR_NAME = AccentColor;
				CODE_SIGN_STYLE = Automatic;
				CURRENT_PROJECT_VERSION = 1;
				DEVELOPMENT_ASSET_PATHS = "\"Emoji Art/Preview Content\"";
				DEVELOPMENT_TEAM = WHP9Z6BC8S;
				ENABLE_PREVIEWS = YES;
				GENERATE_INFOPLIST_FILE = YES;
				INFOPLIST_KEY_UIApplicationSceneManifest_Generation = YES;
				INFOPLIST_KEY_UIApplicationSupportsIndirectInputEvents = YES;
				INFOPLIST_KEY_UILaunchScreen_Generation = YES;
				INFOPLIST_KEY_UISupportedInterfaceOrientations_iPad = "UIInterfaceOrientationPortrait UIInterfaceOrientationPortraitUpsideDown UIInterfaceOrientationLandscapeLeft UIInterfaceOrientationLandscapeRight";
				INFOPLIST_KEY_UISupportedInterfaceOrientations_iPhone = "UIInterfaceOrientationPortrait UIInterfaceOrientationLandscapeLeft UIInterfaceOrientationLandscapeRight";
				LD_RUNPATH_SEARCH_PATHS = (
					"$(inherited)",
					"@executable_path/Frameworks",
				);
				MARKETING_VERSION = 1.0;
				PRODUCT_BUNDLE_IDENTIFIER = "zeljkolucic.Emoji-Art";
				PRODUCT_NAME = "$(TARGET_NAME)";
				SWIFT_EMIT_LOC_STRINGS = YES;
				SWIFT_VERSION = 5.0;
				TARGETED_DEVICE_FAMILY = "1,2";
			};
			name = Release;
		};
/* End XCBuildConfiguration section */

/* Begin XCConfigurationList section */
		E46EF2EC2B3610B200CDA3FE /* Build configuration list for PBXProject "Emoji Art" */ = {
			isa = XCConfigurationList;
			buildConfigurations = (
				E46EF2FD2B3610B300CDA3FE /* Debug */,
				E46EF2FE2B3610B300CDA3FE /* Release */,
			);
			defaultConfigurationIsVisible = 0;
			defaultConfigurationName = Release;
		};
		E46EF2FF2B3610B300CDA3FE /* Build configuration list for PBXNativeTarget "Emoji Art" */ = {
			isa = XCConfigurationList;
			buildConfigurations = (
				E46EF3002B3610B300CDA3FE /* Debug */,
				E46EF3012B3610B300CDA3FE /* Release */,
			);
			defaultConfigurationIsVisible = 0;
			defaultConfigurationName = Release;
		};
/* End XCConfigurationList section */
	};
	rootObject = E46EF2E92B3610B200CDA3FE /* Project object */;
}
